
Microsoft Visual Studio Solution File, Format Version 12.00
# Visual Studio 15
VisualStudioVersion = 15.0.28010.2026
MinimumVisualStudioVersion = 10.0.40219.1
Project("{FAE04EC0-301F-11D3-BF4B-00C04F79EFBC}") = "Crud", "Crud\Crud.csproj", "{152F5023-FDAA-407E-AD7D-912BD74FD47E}"
EndProject
Global
	GlobalSection(SolutionConfigurationPlatforms) = preSolution
		Debug|Any CPU = Debug|Any CPU
		Release|Any CPU = Release|Any CPU
	EndGlobalSection
	GlobalSection(ProjectConfigurationPlatforms) = postSolution
		{152F5023-FDAA-407E-AD7D-912BD74FD47E}.Debug|Any CPU.ActiveCfg = Debug|Any CPU
		{152F5023-FDAA-407E-AD7D-912BD74FD47E}.Debug|Any CPU.Build.0 = Debug|Any CPU
		{152F5023-FDAA-407E-AD7D-912BD74FD47E}.Release|Any CPU.ActiveCfg = Release|Any CPU
		{152F5023-FDAA-407E-AD7D-912BD74FD47E}.Release|Any CPU.Build.0 = Release|Any CPU
	EndGlobalSection
	GlobalSection(SolutionProperties) = preSolution
		HideSolutionNode = FALSE
	EndGlobalSection
	GlobalSection(ExtensibilityGlobals) = postSolution
		SolutionGuid = {827EF345-4E9A-4B93-839C-0DF54931C9FD}
	EndGlobalSection
EndGlobal
